// !$*UTF8*$!
{
	archiveVersion = 1;
	classes = {
	};
	objectVersion = 46;
	objects = {

/* Begin PBXBuildFile section */
		EC88157A1A5EE9DD005FA4AA /* main.cpp in Sources */ = {isa = PBXBuildFile; fileRef = EC8815791A5EE9DD005FA4AA /* main.cpp */; };
		EC8815851A5EEE52005FA4AA /* functions.cpp in Sources */ = {isa = PBXBuildFile; fileRef = EC8815831A5EEE52005FA4AA /* functions.cpp */; };
		EC8815881A5EEFE4005FA4AA /* arquivos.cpp in Sources */ = {isa = PBXBuildFile; fileRef = EC8815861A5EEFE4005FA4AA /* arquivos.cpp */; };
/* End PBXBuildFile section */

/* Begin PBXCopyFilesBuildPhase section */
		EC8815741A5EE9DD005FA4AA /* CopyFiles */ = {
			isa = PBXCopyFilesBuildPhase;
			buildActionMask = 2147483647;
			dstPath = /usr/share/man/man1/;
			dstSubfolderSpec = 0;
			files = (
			);
			runOnlyForDeploymentPostprocessing = 1;
		};
/* End PBXCopyFilesBuildPhase section */

/* Begin PBXFileReference section */
		EC8815761A5EE9DD005FA4AA /* S_MEMISP+AR */ = {isa = PBXFileReference; explicitFileType = "compiled.mach-o.executable"; includeInIndex = 0; path = "S_MEMISP+AR"; sourceTree = BUILT_PRODUCTS_DIR; };
		EC8815791A5EE9DD005FA4AA /* main.cpp */ = {isa = PBXFileReference; lastKnownFileType = sourcecode.cpp.cpp; path = main.cpp; sourceTree = "<group>"; };
		EC8815831A5EEE52005FA4AA /* functions.cpp */ = {isa = PBXFileReference; fileEncoding = 4; lastKnownFileType = sourcecode.cpp.cpp; path = functions.cpp; sourceTree = "<group>"; };
		EC8815841A5EEE52005FA4AA /* functions.h */ = {isa = PBXFileReference; fileEncoding = 4; lastKnownFileType = sourcecode.c.h; path = functions.h; sourceTree = "<group>"; };
		EC8815861A5EEFE4005FA4AA /* arquivos.cpp */ = {isa = PBXFileReference; fileEncoding = 4; lastKnownFileType = sourcecode.cpp.cpp; path = arquivos.cpp; sourceTree = "<group>"; };
		EC8815871A5EEFE4005FA4AA /* arquivos.h */ = {isa = PBXFileReference; fileEncoding = 4; lastKnownFileType = sourcecode.c.h; path = arquivos.h; sourceTree = "<group>"; };
/* End PBXFileReference section */

/* Begin PBXFrameworksBuildPhase section */
		EC8815731A5EE9DD005FA4AA /* Frameworks */ = {
			isa = PBXFrameworksBuildPhase;
			buildActionMask = 2147483647;
			files = (
			);
			runOnlyForDeploymentPostprocessing = 0;
		};
/* End PBXFrameworksBuildPhase section */

/* Begin PBXGroup section */
		EC88156D1A5EE9DD005FA4AA = {
			isa = PBXGroup;
			children = (
				EC8815831A5EEE52005FA4AA /* functions.cpp */,
				EC8815841A5EEE52005FA4AA /* functions.h */,
				EC8815861A5EEFE4005FA4AA /* arquivos.cpp */,
				EC8815871A5EEFE4005FA4AA /* arquivos.h */,
				EC8815781A5EE9DD005FA4AA /* S_MEMISP+AR */,
				EC8815771A5EE9DD005FA4AA /* Products */,
			);
			sourceTree = "<group>";
		};
		EC8815771A5EE9DD005FA4AA /* Products */ = {
			isa = PBXGroup;
			children = (
				EC8815761A5EE9DD005FA4AA /* S_MEMISP+AR */,
			);
			name = Products;
			sourceTree = "<group>";
		};
		EC8815781A5EE9DD005FA4AA /* S_MEMISP+AR */ = {
			isa = PBXGroup;
			children = (
				EC8815791A5EE9DD005FA4AA /* main.cpp */,
			);
			path = "S_MEMISP+AR";
			sourceTree = "<group>";
		};
/* End PBXGroup section */

/* Begin PBXNativeTarget section */
		EC8815751A5EE9DD005FA4AA /* S_MEMISP+AR */ = {
			isa = PBXNativeTarget;
			buildConfigurationList = EC88157D1A5EE9DD005FA4AA /* Build configuration list for PBXNativeTarget "S_MEMISP+AR" */;
			buildPhases = (
				EC8815721A5EE9DD005FA4AA /* Sources */,
				EC8815731A5EE9DD005FA4AA /* Frameworks */,
				EC8815741A5EE9DD005FA4AA /* CopyFiles */,
			);
			buildRules = (
			);
			dependencies = (
			);
			name = "S_MEMISP+AR";
			productName = "S_MEMISP+AR";
			productReference = EC8815761A5EE9DD005FA4AA /* S_MEMISP+AR */;
			productType = "com.apple.product-type.tool";
		};
/* End PBXNativeTarget section */

/* Begin PBXProject section */
		EC88156E1A5EE9DD005FA4AA /* Project object */ = {
			isa = PBXProject;
			attributes = {
				LastUpgradeCheck = 0610;
				ORGANIZATIONNAME = "Rafael Stoffalette João";
				TargetAttributes = {
					EC8815751A5EE9DD005FA4AA = {
						CreatedOnToolsVersion = 6.1;
					};
				};
			};
			buildConfigurationList = EC8815711A5EE9DD005FA4AA /* Build configuration list for PBXProject "S_MEMISP+AR" */;
			compatibilityVersion = "Xcode 3.2";
			developmentRegion = English;
			hasScannedForEncodings = 0;
			knownRegions = (
				en,
			);
			mainGroup = EC88156D1A5EE9DD005FA4AA;
			productRefGroup = EC8815771A5EE9DD005FA4AA /* Products */;
			projectDirPath = "";
			projectRoot = "";
			targets = (
				EC8815751A5EE9DD005FA4AA /* S_MEMISP+AR */,
			);
		};
/* End PBXProject section */

/* Begin PBXSourcesBuildPhase section */
		EC8815721A5EE9DD005FA4AA /* Sources */ = {
			isa = PBXSourcesBuildPhase;
			buildActionMask = 2147483647;
			files = (
				EC88157A1A5EE9DD005FA4AA /* main.cpp in Sources */,
				EC8815881A5EEFE4005FA4AA /* arquivos.cpp in Sources */,
				EC8815851A5EEE52005FA4AA /* functions.cpp in Sources */,
			);
			runOnlyForDeploymentPostprocessing = 0;
		};
/* End PBXSourcesBuildPhase section */

/* Begin XCBuildConfiguration section */
		EC88157B1A5EE9DD005FA4AA /* Debug */ = {
			isa = XCBuildConfiguration;
			buildSettings = {
				ALWAYS_SEARCH_USER_PATHS = NO;
				CLANG_CXX_LANGUAGE_STANDARD = "gnu++0x";
				CLANG_CXX_LIBRARY = "libc++";
				CLANG_ENABLE_MODULES = YES;
				CLANG_ENABLE_OBJC_ARC = YES;
				CLANG_WARN_BOOL_CONVERSION = YES;
				CLANG_WARN_CONSTANT_CONVERSION = YES;
				CLANG_WARN_DIRECT_OBJC_ISA_USAGE = YES_ERROR;
				CLANG_WARN_EMPTY_BODY = YES;
				CLANG_WARN_ENUM_CONVERSION = YES;
				CLANG_WARN_INT_CONVERSION = YES;
				CLANG_WARN_OBJC_ROOT_CLASS = YES_ERROR;
				CLANG_WARN_UNREACHABLE_CODE = YES;
				CLANG_WARN__DUPLICATE_METHOD_MATCH = YES;
				COPY_PHASE_STRIP = NO;
				ENABLE_STRICT_OBJC_MSGSEND = YES;
				GCC_C_LANGUAGE_STANDARD = gnu99;
				GCC_DYNAMIC_NO_PIC = NO;
				GCC_OPTIMIZATION_LEVEL = 0;
				GCC_PREPROCESSOR_DEFINITIONS = (
					"DEBUG=1",
					"$(inherited)",
				);
				GCC_SYMBOLS_PRIVATE_EXTERN = NO;
				GCC_WARN_64_TO_32_BIT_CONVERSION = YES;
				GCC_WARN_ABOUT_RETURN_TYPE = YES_ERROR;
				GCC_WARN_UNDECLARED_SELECTOR = YES;
				GCC_WARN_UNINITIALIZED_AUTOS = YES_AGGRESSIVE;
				GCC_WARN_UNUSED_FUNCTION = YES;
				GCC_WARN_UNUSED_VARIABLE = YES;
				MACOSX_DEPLOYMENT_TARGET = 10.9;
				MTL_ENABLE_DEBUG_INFO = YES;
				ONLY_ACTIVE_ARCH = YES;
				SDKROOT = macosx;
			};
			name = Debug;
		};
		EC88157C1A5EE9DD005FA4AA /* Release */ = {
			isa = XCBuildConfiguration;
			buildSettings = {
				ALWAYS_SEARCH_USER_PATHS = NO;
				CLANG_CXX_LANGUAGE_STANDARD = "gnu++0x";
				CLANG_CXX_LIBRARY = "libc++";
				CLANG_ENABLE_MODULES = YES;
				CLANG_ENABLE_OBJC_ARC = YES;
				CLANG_WARN_BOOL_CONVERSION = YES;
				CLANG_WARN_CONSTANT_CONVERSION = YES;
				CLANG_WARN_DIRECT_OBJC_ISA_USAGE = YES_ERROR;
				CLANG_WARN_EMPTY_BODY = YES;
				CLANG_WARN_ENUM_CONVERSION = YES;
				CLANG_WARN_INT_CONVERSION = YES;
				CLANG_WARN_OBJC_ROOT_CLASS = YES_ERROR;
				CLANG_WARN_UNREACHABLE_CODE = YES;
				CLANG_WARN__DUPLICATE_METHOD_MATCH = YES;
				COPY_PHASE_STRIP = YES;
				DEBUG_INFORMATION_FORMAT = "dwarf-with-dsym";
				ENABLE_NS_ASSERTIONS = NO;
				ENABLE_STRICT_OBJC_MSGSEND = YES;
				GCC_C_LANGUAGE_STANDARD = gnu99;
				GCC_WARN_64_TO_32_BIT_CONVERSION = YES;
				GCC_WARN_ABOUT_RETURN_TYPE = YES_ERROR;
				GCC_WARN_UNDECLARED_SELECTOR = YES;
				GCC_WARN_UNINITIALIZED_AUTOS = YES_AGGRESSIVE;
				GCC_WARN_UNUSED_FUNCTION = YES;
				GCC_WARN_UNUSED_VARIABLE = YES;
				MACOSX_DEPLOYMENT_TARGET = 10.9;
				MTL_ENABLE_DEBUG_INFO = NO;
				SDKROOT = macosx;
			};
			name = Release;
		};
		EC88157E1A5EE9DD005FA4AA /* Debug */ = {
			isa = XCBuildConfiguration;
			buildSettings = {
				PRODUCT_NAME = "$(TARGET_NAME)";
			};
			name = Debug;
		};
		EC88157F1A5EE9DD005FA4AA /* Release */ = {
			isa = XCBuildConfiguration;
			buildSettings = {
				PRODUCT_NAME = "$(TARGET_NAME)";
			};
			name = Release;
		};
/* End XCBuildConfiguration section */

/* Begin XCConfigurationList section */
		EC8815711A5EE9DD005FA4AA /* Build configuration list for PBXProject "S_MEMISP+AR" */ = {
			isa = XCConfigurationList;
			buildConfigurations = (
				EC88157B1A5EE9DD005FA4AA /* Debug */,
				EC88157C1A5EE9DD005FA4AA /* Release */,
			);
			defaultConfigurationIsVisible = 0;
			defaultConfigurationName = Release;
		};
		EC88157D1A5EE9DD005FA4AA /* Build configuration list for PBXNativeTarget "S_MEMISP+AR" */ = {
			isa = XCConfigurationList;
			buildConfigurations = (
				EC88157E1A5EE9DD005FA4AA /* Debug */,
				EC88157F1A5EE9DD005FA4AA /* Release */,
			);
			defaultConfigurationIsVisible = 0;
		};
/* End XCConfigurationList section */
	};
	rootObject = EC88156E1A5EE9DD005FA4AA /* Project object */;
}
